
Microsoft Visual Studio Solution File, Format Version 12.00
# Visual Studio 15
VisualStudioVersion = 15.0.26430.16
MinimumVisualStudioVersion = 10.0.40219.1
Project("{FAE04EC0-301F-11D3-BF4B-00C04F79EFBC}") = "JoesFlowerShop", "JoesFlowerShop\JoesFlowerShop.csproj", "{01EE43E2-9A6A-4C0E-BE74-6CB11F0579DB}"
EndProject
Global
	GlobalSection(SolutionConfigurationPlatforms) = preSolution
		Debug|Any CPU = Debug|Any CPU
		Release|Any CPU = Release|Any CPU
	EndGlobalSection
	GlobalSection(ProjectConfigurationPlatforms) = postSolution
		{01EE43E2-9A6A-4C0E-BE74-6CB11F0579DB}.Debug|Any CPU.ActiveCfg = Debug|Any CPU
		{01EE43E2-9A6A-4C0E-BE74-6CB11F0579DB}.Debug|Any CPU.Build.0 = Debug|Any CPU
		{01EE43E2-9A6A-4C0E-BE74-6CB11F0579DB}.Release|Any CPU.ActiveCfg = Release|Any CPU
		{01EE43E2-9A6A-4C0E-BE74-6CB11F0579DB}.Release|Any CPU.Build.0 = Release|Any CPU
	EndGlobalSection
	GlobalSection(SolutionProperties) = preSolution
		HideSolutionNode = FALSE
	EndGlobalSection
	GlobalSection(ExtensibilityGlobals) = postSolution
		SolutionGuid = {27C7DDA7-13C4-4940-85AA-90FCDF40B46D}
	EndGlobalSection
EndGlobal
